
Microsoft Visual Studio Solution File, Format Version 12.00
# Visual Studio Version 16
VisualStudioVersion = 25.0.1706.8
MinimumVisualStudioVersion = 10.0.40219.1
Project("{FAE04EC0-301F-11D3-BF4B-00C04F79EFBC}") = "QuoteFinder", "QuoteFinder\QuoteFinder\QuoteFinder.csproj", "{2AFD63FD-4241-4F80-AF4C-48E24095B2BA}"
EndProject
Project("{FAE04EC0-301F-11D3-BF4B-00C04F79EFBC}") = "StarWarsAPI", "StarWarsAPI\StarWarsAPI\StarWarsAPI.csproj", "{F8B1EDD5-B9F3-4CDF-A986-D538782B8158}"
EndProject
Global
	GlobalSection(SolutionConfigurationPlatforms) = preSolution
		Debug|Any CPU = Debug|Any CPU
		Release|Any CPU = Release|Any CPU
	EndGlobalSection
	GlobalSection(ProjectConfigurationPlatforms) = postSolution
		{2AFD63FD-4241-4F80-AF4C-48E24095B2BA}.Debug|Any CPU.ActiveCfg = Debug|Any CPU
		{2AFD63FD-4241-4F80-AF4C-48E24095B2BA}.Debug|Any CPU.Build.0 = Debug|Any CPU
		{2AFD63FD-4241-4F80-AF4C-48E24095B2BA}.Release|Any CPU.ActiveCfg = Release|Any CPU
		{2AFD63FD-4241-4F80-AF4C-48E24095B2BA}.Release|Any CPU.Build.0 = Release|Any CPU
		{F8B1EDD5-B9F3-4CDF-A986-D538782B8158}.Debug|Any CPU.ActiveCfg = Debug|Any CPU
		{F8B1EDD5-B9F3-4CDF-A986-D538782B8158}.Debug|Any CPU.Build.0 = Debug|Any CPU
		{F8B1EDD5-B9F3-4CDF-A986-D538782B8158}.Release|Any CPU.ActiveCfg = Release|Any CPU
		{F8B1EDD5-B9F3-4CDF-A986-D538782B8158}.Release|Any CPU.Build.0 = Release|Any CPU
	EndGlobalSection
	GlobalSection(SolutionProperties) = preSolution
		HideSolutionNode = FALSE
	EndGlobalSection
	GlobalSection(ExtensibilityGlobals) = postSolution
		SolutionGuid = {EA2024DA-81E7-4DD0-99E3-1C52EF11DB9E}
	EndGlobalSection
EndGlobal
